
Microsoft Visual Studio Solution File, Format Version 12.00
# Visual Studio Version 16
VisualStudioVersion = 16.0.30517.126
MinimumVisualStudioVersion = 10.0.40219.1
Project("{FAE04EC0-301F-11D3-BF4B-00C04F79EFBC}") = "TeamProject_LocationTrigger.Android", "TeamProject_LocationTrigger.Android\TeamProject_LocationTrigger.Android.csproj", "{870CE343-C78A-43D4-AC55-37FE231AA5ED}"
EndProject
Project("{FAE04EC0-301F-11D3-BF4B-00C04F79EFBC}") = "TeamProject_LocationTrigger.iOS", "TeamProject_LocationTrigger.iOS\TeamProject_LocationTrigger.iOS.csproj", "{570FA749-94FA-44EF-A8F0-8A8D021A284D}"
EndProject
Project("{FAE04EC0-301F-11D3-BF4B-00C04F79EFBC}") = "TeamProject_LocationTrigger", "TeamProject_LocationTrigger\TeamProject_LocationTrigger.csproj", "{8F11D652-A90B-4042-A8F9-6A55F0A8660F}"
EndProject
Global
	GlobalSection(SolutionConfigurationPlatforms) = preSolution
		Debug|Any CPU = Debug|Any CPU
		Debug|iPhone = Debug|iPhone
		Debug|iPhoneSimulator = Debug|iPhoneSimulator
		Release|Any CPU = Release|Any CPU
		Release|iPhone = Release|iPhone
		Release|iPhoneSimulator = Release|iPhoneSimulator
	EndGlobalSection
	GlobalSection(ProjectConfigurationPlatforms) = postSolution
		{870CE343-C78A-43D4-AC55-37FE231AA5ED}.Debug|Any CPU.ActiveCfg = Debug|Any CPU
		{870CE343-C78A-43D4-AC55-37FE231AA5ED}.Debug|Any CPU.Build.0 = Debug|Any CPU
		{870CE343-C78A-43D4-AC55-37FE231AA5ED}.Debug|Any CPU.Deploy.0 = Debug|Any CPU
		{870CE343-C78A-43D4-AC55-37FE231AA5ED}.Debug|iPhone.ActiveCfg = Debug|Any CPU
		{870CE343-C78A-43D4-AC55-37FE231AA5ED}.Debug|iPhone.Build.0 = Debug|Any CPU
		{870CE343-C78A-43D4-AC55-37FE231AA5ED}.Debug|iPhone.Deploy.0 = Debug|Any CPU
		{870CE343-C78A-43D4-AC55-37FE231AA5ED}.Debug|iPhoneSimulator.ActiveCfg = Debug|Any CPU
		{870CE343-C78A-43D4-AC55-37FE231AA5ED}.Debug|iPhoneSimulator.Build.0 = Debug|Any CPU
		{870CE343-C78A-43D4-AC55-37FE231AA5ED}.Debug|iPhoneSimulator.Deploy.0 = Debug|Any CPU
		{870CE343-C78A-43D4-AC55-37FE231AA5ED}.Release|Any CPU.ActiveCfg = Release|Any CPU
		{870CE343-C78A-43D4-AC55-37FE231AA5ED}.Release|Any CPU.Build.0 = Release|Any CPU
		{870CE343-C78A-43D4-AC55-37FE231AA5ED}.Release|Any CPU.Deploy.0 = Release|Any CPU
		{870CE343-C78A-43D4-AC55-37FE231AA5ED}.Release|iPhone.ActiveCfg = Release|Any CPU
		{870CE343-C78A-43D4-AC55-37FE231AA5ED}.Release|iPhone.Build.0 = Release|Any CPU
		{870CE343-C78A-43D4-AC55-37FE231AA5ED}.Release|iPhone.Deploy.0 = Release|Any CPU
		{870CE343-C78A-43D4-AC55-37FE231AA5ED}.Release|iPhoneSimulator.ActiveCfg = Release|Any CPU
		{870CE343-C78A-43D4-AC55-37FE231AA5ED}.Release|iPhoneSimulator.Build.0 = Release|Any CPU
		{870CE343-C78A-43D4-AC55-37FE231AA5ED}.Release|iPhoneSimulator.Deploy.0 = Release|Any CPU
		{570FA749-94FA-44EF-A8F0-8A8D021A284D}.Debug|Any CPU.ActiveCfg = Debug|iPhone
		{570FA749-94FA-44EF-A8F0-8A8D021A284D}.Debug|Any CPU.Build.0 = Debug|iPhone
		{570FA749-94FA-44EF-A8F0-8A8D021A284D}.Debug|Any CPU.Deploy.0 = Debug|iPhone
		{570FA749-94FA-44EF-A8F0-8A8D021A284D}.Debug|iPhone.ActiveCfg = Debug|iPhone
		{570FA749-94FA-44EF-A8F0-8A8D021A284D}.Debug|iPhone.Build.0 = Debug|iPhone
		{570FA749-94FA-44EF-A8F0-8A8D021A284D}.Debug|iPhone.Deploy.0 = Debug|iPhone
		{570FA749-94FA-44EF-A8F0-8A8D021A284D}.Debug|iPhoneSimulator.ActiveCfg = Debug|iPhoneSimulator
		{570FA749-94FA-44EF-A8F0-8A8D021A284D}.Debug|iPhoneSimulator.Build.0 = Debug|iPhoneSimulator
		{570FA749-94FA-44EF-A8F0-8A8D021A284D}.Debug|iPhoneSimulator.Deploy.0 = Debug|iPhoneSimulator
		{570FA749-94FA-44EF-A8F0-8A8D021A284D}.Release|Any CPU.ActiveCfg = Release|iPhoneSimulator
		{570FA749-94FA-44EF-A8F0-8A8D021A284D}.Release|Any CPU.Build.0 = Release|iPhoneSimulator
		{570FA749-94FA-44EF-A8F0-8A8D021A284D}.Release|Any CPU.Deploy.0 = Release|iPhoneSimulator
		{570FA749-94FA-44EF-A8F0-8A8D021A284D}.Release|iPhone.ActiveCfg = Release|iPhone
		{570FA749-94FA-44EF-A8F0-8A8D021A284D}.Release|iPhone.Build.0 = Release|iPhone
		{570FA749-94FA-44EF-A8F0-8A8D021A284D}.Release|iPhone.Deploy.0 = Release|iPhone
		{570FA749-94FA-44EF-A8F0-8A8D021A284D}.Release|iPhoneSimulator.ActiveCfg = Release|iPhoneSimulator
		{570FA749-94FA-44EF-A8F0-8A8D021A284D}.Release|iPhoneSimulator.Build.0 = Release|iPhoneSimulator
		{570FA749-94FA-44EF-A8F0-8A8D021A284D}.Release|iPhoneSimulator.Deploy.0 = Release|iPhoneSimulator
		{8F11D652-A90B-4042-A8F9-6A55F0A8660F}.Debug|Any CPU.ActiveCfg = Debug|Any CPU
		{8F11D652-A90B-4042-A8F9-6A55F0A8660F}.Debug|Any CPU.Build.0 = Debug|Any CPU
		{8F11D652-A90B-4042-A8F9-6A55F0A8660F}.Debug|Any CPU.Deploy.0 = Debug|Any CPU
		{8F11D652-A90B-4042-A8F9-6A55F0A8660F}.Debug|iPhone.ActiveCfg = Debug|Any CPU
		{8F11D652-A90B-4042-A8F9-6A55F0A8660F}.Debug|iPhone.Build.0 = Debug|Any CPU
		{8F11D652-A90B-4042-A8F9-6A55F0A8660F}.Debug|iPhone.Deploy.0 = Debug|Any CPU
		{8F11D652-A90B-4042-A8F9-6A55F0A8660F}.Debug|iPhoneSimulator.ActiveCfg = Debug|Any CPU
		{8F11D652-A90B-4042-A8F9-6A55F0A8660F}.Debug|iPhoneSimulator.Build.0 = Debug|Any CPU
		{8F11D652-A90B-4042-A8F9-6A55F0A8660F}.Debug|iPhoneSimulator.Deploy.0 = Debug|Any CPU
		{8F11D652-A90B-4042-A8F9-6A55F0A8660F}.Release|Any CPU.ActiveCfg = Release|Any CPU
		{8F11D652-A90B-4042-A8F9-6A55F0A8660F}.Release|Any CPU.Build.0 = Release|Any CPU
		{8F11D652-A90B-4042-A8F9-6A55F0A8660F}.Release|Any CPU.Deploy.0 = Release|Any CPU
		{8F11D652-A90B-4042-A8F9-6A55F0A8660F}.Release|iPhone.ActiveCfg = Release|Any CPU
		{8F11D652-A90B-4042-A8F9-6A55F0A8660F}.Release|iPhone.Build.0 = Release|Any CPU
		{8F11D652-A90B-4042-A8F9-6A55F0A8660F}.Release|iPhone.Deploy.0 = Release|Any CPU
		{8F11D652-A90B-4042-A8F9-6A55F0A8660F}.Release|iPhoneSimulator.ActiveCfg = Release|Any CPU
		{8F11D652-A90B-4042-A8F9-6A55F0A8660F}.Release|iPhoneSimulator.Build.0 = Release|Any CPU
		{8F11D652-A90B-4042-A8F9-6A55F0A8660F}.Release|iPhoneSimulator.Deploy.0 = Release|Any CPU
	EndGlobalSection
	GlobalSection(SolutionProperties) = preSolution
		HideSolutionNode = FALSE
	EndGlobalSection
	GlobalSection(ExtensibilityGlobals) = postSolution
		SolutionGuid = {EDE72A9E-3D73-4581-8ECB-EFA08CDD3C5E}
	EndGlobalSection
EndGlobal
