
Microsoft Visual Studio Solution File, Format Version 12.00
# Visual Studio Version 16
VisualStudioVersion = 16.0.30517.126
MinimumVisualStudioVersion = 10.0.40219.1
Project("{FAE04EC0-301F-11D3-BF4B-00C04F79EFBC}") = "GeofencingTesting.Android", "GeofencingTesting.Android\GeofencingTesting.Android.csproj", "{1C527B68-CE15-45AA-BF37-790E6FC8F97A}"
EndProject
Project("{FAE04EC0-301F-11D3-BF4B-00C04F79EFBC}") = "GeofencingTesting.iOS", "GeofencingTesting.iOS\GeofencingTesting.iOS.csproj", "{E44D182D-8F0D-481B-8139-B85F2342116A}"
EndProject
Project("{FAE04EC0-301F-11D3-BF4B-00C04F79EFBC}") = "GeofencingTesting", "GeofencingTesting\GeofencingTesting.csproj", "{7FB64846-5223-45B8-957F-DDAC662C2738}"
EndProject
Global
	GlobalSection(SolutionConfigurationPlatforms) = preSolution
		Debug|Any CPU = Debug|Any CPU
		Debug|iPhone = Debug|iPhone
		Debug|iPhoneSimulator = Debug|iPhoneSimulator
		Release|Any CPU = Release|Any CPU
		Release|iPhone = Release|iPhone
		Release|iPhoneSimulator = Release|iPhoneSimulator
	EndGlobalSection
	GlobalSection(ProjectConfigurationPlatforms) = postSolution
		{1C527B68-CE15-45AA-BF37-790E6FC8F97A}.Debug|Any CPU.ActiveCfg = Debug|Any CPU
		{1C527B68-CE15-45AA-BF37-790E6FC8F97A}.Debug|Any CPU.Build.0 = Debug|Any CPU
		{1C527B68-CE15-45AA-BF37-790E6FC8F97A}.Debug|Any CPU.Deploy.0 = Debug|Any CPU
		{1C527B68-CE15-45AA-BF37-790E6FC8F97A}.Debug|iPhone.ActiveCfg = Debug|Any CPU
		{1C527B68-CE15-45AA-BF37-790E6FC8F97A}.Debug|iPhone.Build.0 = Debug|Any CPU
		{1C527B68-CE15-45AA-BF37-790E6FC8F97A}.Debug|iPhone.Deploy.0 = Debug|Any CPU
		{1C527B68-CE15-45AA-BF37-790E6FC8F97A}.Debug|iPhoneSimulator.ActiveCfg = Debug|Any CPU
		{1C527B68-CE15-45AA-BF37-790E6FC8F97A}.Debug|iPhoneSimulator.Build.0 = Debug|Any CPU
		{1C527B68-CE15-45AA-BF37-790E6FC8F97A}.Debug|iPhoneSimulator.Deploy.0 = Debug|Any CPU
		{1C527B68-CE15-45AA-BF37-790E6FC8F97A}.Release|Any CPU.ActiveCfg = Release|Any CPU
		{1C527B68-CE15-45AA-BF37-790E6FC8F97A}.Release|Any CPU.Build.0 = Release|Any CPU
		{1C527B68-CE15-45AA-BF37-790E6FC8F97A}.Release|Any CPU.Deploy.0 = Release|Any CPU
		{1C527B68-CE15-45AA-BF37-790E6FC8F97A}.Release|iPhone.ActiveCfg = Release|Any CPU
		{1C527B68-CE15-45AA-BF37-790E6FC8F97A}.Release|iPhone.Build.0 = Release|Any CPU
		{1C527B68-CE15-45AA-BF37-790E6FC8F97A}.Release|iPhone.Deploy.0 = Release|Any CPU
		{1C527B68-CE15-45AA-BF37-790E6FC8F97A}.Release|iPhoneSimulator.ActiveCfg = Release|Any CPU
		{1C527B68-CE15-45AA-BF37-790E6FC8F97A}.Release|iPhoneSimulator.Build.0 = Release|Any CPU
		{1C527B68-CE15-45AA-BF37-790E6FC8F97A}.Release|iPhoneSimulator.Deploy.0 = Release|Any CPU
		{E44D182D-8F0D-481B-8139-B85F2342116A}.Debug|Any CPU.ActiveCfg = Debug|iPhone
		{E44D182D-8F0D-481B-8139-B85F2342116A}.Debug|Any CPU.Build.0 = Debug|iPhone
		{E44D182D-8F0D-481B-8139-B85F2342116A}.Debug|Any CPU.Deploy.0 = Debug|iPhone
		{E44D182D-8F0D-481B-8139-B85F2342116A}.Debug|iPhone.ActiveCfg = Debug|iPhone
		{E44D182D-8F0D-481B-8139-B85F2342116A}.Debug|iPhone.Build.0 = Debug|iPhone
		{E44D182D-8F0D-481B-8139-B85F2342116A}.Debug|iPhone.Deploy.0 = Debug|iPhone
		{E44D182D-8F0D-481B-8139-B85F2342116A}.Debug|iPhoneSimulator.ActiveCfg = Debug|iPhoneSimulator
		{E44D182D-8F0D-481B-8139-B85F2342116A}.Debug|iPhoneSimulator.Build.0 = Debug|iPhoneSimulator
		{E44D182D-8F0D-481B-8139-B85F2342116A}.Debug|iPhoneSimulator.Deploy.0 = Debug|iPhoneSimulator
		{E44D182D-8F0D-481B-8139-B85F2342116A}.Release|Any CPU.ActiveCfg = Release|iPhoneSimulator
		{E44D182D-8F0D-481B-8139-B85F2342116A}.Release|Any CPU.Build.0 = Release|iPhoneSimulator
		{E44D182D-8F0D-481B-8139-B85F2342116A}.Release|Any CPU.Deploy.0 = Release|iPhoneSimulator
		{E44D182D-8F0D-481B-8139-B85F2342116A}.Release|iPhone.ActiveCfg = Release|iPhone
		{E44D182D-8F0D-481B-8139-B85F2342116A}.Release|iPhone.Build.0 = Release|iPhone
		{E44D182D-8F0D-481B-8139-B85F2342116A}.Release|iPhone.Deploy.0 = Release|iPhone
		{E44D182D-8F0D-481B-8139-B85F2342116A}.Release|iPhoneSimulator.ActiveCfg = Release|iPhoneSimulator
		{E44D182D-8F0D-481B-8139-B85F2342116A}.Release|iPhoneSimulator.Build.0 = Release|iPhoneSimulator
		{E44D182D-8F0D-481B-8139-B85F2342116A}.Release|iPhoneSimulator.Deploy.0 = Release|iPhoneSimulator
		{7FB64846-5223-45B8-957F-DDAC662C2738}.Debug|Any CPU.ActiveCfg = Debug|Any CPU
		{7FB64846-5223-45B8-957F-DDAC662C2738}.Debug|Any CPU.Build.0 = Debug|Any CPU
		{7FB64846-5223-45B8-957F-DDAC662C2738}.Debug|Any CPU.Deploy.0 = Debug|Any CPU
		{7FB64846-5223-45B8-957F-DDAC662C2738}.Debug|iPhone.ActiveCfg = Debug|Any CPU
		{7FB64846-5223-45B8-957F-DDAC662C2738}.Debug|iPhone.Build.0 = Debug|Any CPU
		{7FB64846-5223-45B8-957F-DDAC662C2738}.Debug|iPhone.Deploy.0 = Debug|Any CPU
		{7FB64846-5223-45B8-957F-DDAC662C2738}.Debug|iPhoneSimulator.ActiveCfg = Debug|Any CPU
		{7FB64846-5223-45B8-957F-DDAC662C2738}.Debug|iPhoneSimulator.Build.0 = Debug|Any CPU
		{7FB64846-5223-45B8-957F-DDAC662C2738}.Debug|iPhoneSimulator.Deploy.0 = Debug|Any CPU
		{7FB64846-5223-45B8-957F-DDAC662C2738}.Release|Any CPU.ActiveCfg = Release|Any CPU
		{7FB64846-5223-45B8-957F-DDAC662C2738}.Release|Any CPU.Build.0 = Release|Any CPU
		{7FB64846-5223-45B8-957F-DDAC662C2738}.Release|Any CPU.Deploy.0 = Release|Any CPU
		{7FB64846-5223-45B8-957F-DDAC662C2738}.Release|iPhone.ActiveCfg = Release|Any CPU
		{7FB64846-5223-45B8-957F-DDAC662C2738}.Release|iPhone.Build.0 = Release|Any CPU
		{7FB64846-5223-45B8-957F-DDAC662C2738}.Release|iPhone.Deploy.0 = Release|Any CPU
		{7FB64846-5223-45B8-957F-DDAC662C2738}.Release|iPhoneSimulator.ActiveCfg = Release|Any CPU
		{7FB64846-5223-45B8-957F-DDAC662C2738}.Release|iPhoneSimulator.Build.0 = Release|Any CPU
		{7FB64846-5223-45B8-957F-DDAC662C2738}.Release|iPhoneSimulator.Deploy.0 = Release|Any CPU
	EndGlobalSection
	GlobalSection(SolutionProperties) = preSolution
		HideSolutionNode = FALSE
	EndGlobalSection
	GlobalSection(ExtensibilityGlobals) = postSolution
		SolutionGuid = {51B87504-2E61-44FB-8085-A5B028F09768}
	EndGlobalSection
EndGlobal
